# THIS IS AN AUTOGENERATED FILE. DO NOT EDIT THIS FILE DIRECTLY.
# yarn lockfile v1


JSONStream@^1.0.7:
  version "1.3.5"
  resolved "https://mirrors.cloud.tencent.com/npm/JSONStream/-/JSONStream-1.3.5.tgz"
  dependencies:
    jsonparse "^1.2.0"
    through ">=2.2.7 <3"

a-sync-waterfall@^1.0.0:
  version "1.0.1"
  resolved "https://mirrors.cloud.tencent.com/npm/a-sync-waterfall/-/a-sync-waterfall-1.0.1.tgz"

abbrev@^1.1.1:
  version "1.1.1"
  resolved "https://mirrors.cloud.tencent.com/npm/abbrev/-/abbrev-1.1.1.tgz"

accepts@~1.3.5:
  version "1.3.5"
  resolved "https://registry.npmjs.org/accepts/-/accepts-1.3.5.tgz"
  dependencies:
    mime-types "~2.1.18"
    negotiator "0.6.1"

amdefine@>=0.0.4:
  version "1.0.1"
  resolved "https://mirrors.cloud.tencent.com/npm/amdefine/-/amdefine-1.0.1.tgz#4a5282ac164729e93619bcfd3ad151f817ce91f5"

ansi-regex@^2.0.0:
  version "2.1.1"
  resolved "https://registry.npmjs.org/ansi-regex/-/ansi-regex-2.1.1.tgz"

ansi-regex@^5.0.0:
  version "5.0.0"
  resolved "http://mirrors.cloud.tencent.com/npm/ansi-regex/-/ansi-regex-5.0.0.tgz"

ansi-styles@^2.2.1:
  version "2.2.1"
  resolved "https://registry.npmjs.org/ansi-styles/-/ansi-styles-2.2.1.tgz"

ansi-styles@^4.1.0:
  version "4.3.0"
  resolved "https://mirrors.cloud.tencent.com/npm/ansi-styles/-/ansi-styles-4.3.0.tgz"
  dependencies:
    color-convert "^2.0.1"

anymatch@~3.1.2:
  version "3.1.2"
  resolved "http://mirrors.cloud.tencent.com/npm/anymatch/-/anymatch-3.1.2.tgz"
  dependencies:
    normalize-path "^3.0.0"
    picomatch "^2.0.4"

archy@^1.0.0:
  version "1.0.0"
  resolved "https://registry.npmjs.org/archy/-/archy-1.0.0.tgz"

argparse@^1.0.7:
  version "1.0.10"
  resolved "https://mirrors.tencent.com/npm/argparse/-/argparse-1.0.10.tgz"
  dependencies:
    sprintf-js "~1.0.2"

argparse@^2.0.1:
  version "2.0.1"
  resolved "https://mirrors.tencent.com/npm/argparse/-/argparse-2.0.1.tgz"

asap@^2.0.3:
  version "2.0.6"
  resolved "http://mirrors.tencent.com/npm/asap/-/asap-2.0.6.tgz"

atob@^2.1.2:
  version "2.1.2"
  resolved "https://mirrors.cloud.tencent.com/npm/atob/-/atob-2.1.2.tgz#6d9517eb9e030d2436666651e86bd9f6f13533c9"

balanced-match@^1.0.0:
  version "1.0.2"
  resolved "https://mirrors.cloud.tencent.com/npm/balanced-match/-/balanced-match-1.0.2.tgz#e83e3a7e3f300b34cb9d87f615fa0cbf357690ee"

basic-auth@~2.0.1:
  version "2.0.1"
  resolved "https://mirrors.cloud.tencent.com/npm/basic-auth/-/basic-auth-2.0.1.tgz"
  dependencies:
    safe-buffer "5.1.2"

binary-extensions@^2.0.0:
  version "2.2.0"
  resolved "http://mirrors.cloud.tencent.com/npm/binary-extensions/-/binary-extensions-2.2.0.tgz"

bluebird@^3.0.6, bluebird@^3.2.2, bluebird@^3.5.0, bluebird@^3.5.1, bluebird@^3.5.2, bluebird@^3.5.5:
  version "3.7.2"
  resolved "http://mirrors.cloud.tencent.com/npm/bluebird/-/bluebird-3.7.2.tgz"

brace-expansion@^1.1.7:
  version "1.1.11"
  resolved "https://mirrors.cloud.tencent.com/npm/brace-expansion/-/brace-expansion-1.1.11.tgz#3c7fcbf529d87226f3d2f52b966ff5271eb441dd"
  dependencies:
    balanced-match "^1.0.0"
    concat-map "0.0.1"

braces@^3.0.1, braces@~3.0.2:
  version "3.0.2"
  resolved "http://mirrors.cloud.tencent.com/npm/braces/-/braces-3.0.2.tgz"
  dependencies:
    fill-range "^7.0.1"

bytes@3.0.0:
  version "3.0.0"
  resolved "https://registry.npmjs.org/bytes/-/bytes-3.0.0.tgz"

camel-case@^4.0.0:
  version "4.1.2"
  resolved "http://mirrors.cloud.tencent.com/npm/camel-case/-/camel-case-4.1.2.tgz"
  dependencies:
    pascal-case "^3.1.2"
    tslib "^2.0.3"

chalk@^1.1.1:
  version "1.1.3"
  resolved "https://registry.npmjs.org/chalk/-/chalk-1.1.3.tgz"
  dependencies:
    ansi-styles "^2.2.1"
    escape-string-regexp "^1.0.2"
    has-ansi "^2.0.0"
    strip-ansi "^3.0.0"
    supports-color "^2.0.0"

chalk@^4.0.0:
  version "4.1.1"
  resolved "http://mirrors.cloud.tencent.com/npm/chalk/-/chalk-4.1.1.tgz"
  dependencies:
    ansi-styles "^4.1.0"
    supports-color "^7.1.0"

chokidar@^3.0.0:
  version "3.5.2"
  resolved "https://mirrors.cloud.tencent.com/npm/chokidar/-/chokidar-3.5.2.tgz"
  dependencies:
    anymatch "~3.1.2"
    braces "~3.0.2"
    glob-parent "~5.1.2"
    is-binary-path "~2.1.0"
    is-glob "~4.0.1"
    normalize-path "~3.0.0"
    readdirp "~3.6.0"
  optionalDependencies:
    fsevents "~2.3.2"

clipboard@^2.0.0:
  version "2.0.8"
  resolved "https://mirrors.cloud.tencent.com/npm/clipboard/-/clipboard-2.0.8.tgz"
  dependencies:
    good-listener "^1.2.2"
    select "^1.1.2"
    tiny-emitter "^2.0.0"

color-convert@^2.0.1:
  version "2.0.1"
  resolved "http://mirrors.cloud.tencent.com/npm/color-convert/-/color-convert-2.0.1.tgz"
  dependencies:
    color-name "~1.1.4"

color-name@~1.1.4:
  version "1.1.4"
  resolved "https://mirrors.cloud.tencent.com/npm/color-name/-/color-name-1.1.4.tgz"

command-exists@^1.2.8:
  version "1.2.9"
  resolved "https://mirrors.cloud.tencent.com/npm/command-exists/-/command-exists-1.2.9.tgz"

commander@^5.1.0:
  version "5.1.0"
  resolved "http://mirrors.cloud.tencent.com/npm/commander/-/commander-5.1.0.tgz"

compressible@~2.0.14:
  version "2.0.14"
  resolved "https://registry.npmjs.org/compressible/-/compressible-2.0.14.tgz"
  dependencies:
    mime-db ">= 1.34.0 < 2"

compression@^1.6.0:
  version "1.7.3"
  resolved "https://registry.npmjs.org/compression/-/compression-1.7.3.tgz"
  dependencies:
    accepts "~1.3.5"
    bytes "3.0.0"
    compressible "~2.0.14"
    debug "2.6.9"
    on-headers "~1.0.1"
    safe-buffer "5.1.2"
    vary "~1.1.2"

concat-map@0.0.1:
  version "0.0.1"
  resolved "https://mirrors.cloud.tencent.com/npm/concat-map/-/concat-map-0.0.1.tgz#d8a96bd77fd68df7793a73036a3ba0d5405d477b"

connect@3.x:
  version "3.6.6"
  resolved "https://registry.npmjs.org/connect/-/connect-3.6.6.tgz"
  dependencies:
    debug "2.6.9"
    finalhandler "1.1.0"
    parseurl "~1.3.2"
    utils-merge "1.0.1"

cross-spawn@^7.0.0:
  version "7.0.3"
  resolved "http://mirrors.cloud.tencent.com/npm/cross-spawn/-/cross-spawn-7.0.3.tgz"
  dependencies:
    path-key "^3.1.0"
    shebang-command "^2.0.0"
    which "^2.0.1"

css-parse@1.7.x:
  version "1.7.0"
  resolved "https://mirrors.cloud.tencent.com/npm/css-parse/-/css-parse-1.7.0.tgz#321f6cf73782a6ff751111390fc05e2c657d8c9b"

css-parse@~2.0.0:
  version "2.0.0"
  resolved "https://mirrors.cloud.tencent.com/npm/css-parse/-/css-parse-2.0.0.tgz#a468ee667c16d81ccf05c58c38d2a97c780dbfd4"
  dependencies:
    css "^2.0.0"

css@^2.0.0:
  version "2.2.4"
  resolved "https://mirrors.cloud.tencent.com/npm/css/-/css-2.2.4.tgz#c646755c73971f2bba6a601e2cf2fd71b1298929"
  dependencies:
    inherits "^2.0.3"
    source-map "^0.6.1"
    source-map-resolve "^0.5.2"
    urix "^0.1.0"

cuid@^2.1.4:
  version "2.1.8"
  resolved "https://mirrors.cloud.tencent.com/npm/cuid/-/cuid-2.1.8.tgz"

debug@*:
  version "4.3.1"
  resolved "https://mirrors.cloud.tencent.com/npm/debug/-/debug-4.3.1.tgz#f0d229c505e0c6d8c49ac553d1b13dc183f6b2ee"
  dependencies:
    ms "2.1.2"

debug@2.6.9:
  version "2.6.9"
  resolved "https://registry.npmjs.org/debug/-/debug-2.6.9.tgz"
  dependencies:
    ms "2.0.0"

debug@~3.1.0:
  version "3.1.0"
  resolved "https://mirrors.cloud.tencent.com/npm/debug/-/debug-3.1.0.tgz#5bb5a0672628b64149566ba16819e61518c67261"
  dependencies:
    ms "2.0.0"

decode-uri-component@^0.2.0:
  version "0.2.0"
  resolved "https://mirrors.cloud.tencent.com/npm/decode-uri-component/-/decode-uri-component-0.2.0.tgz#eb3913333458775cb84cd1a1fae062106bb87545"

deepmerge@^4.2.2:
  version "4.2.2"
  resolved "http://mirrors.cloud.tencent.com/npm/deepmerge/-/deepmerge-4.2.2.tgz"

delegate@^3.1.2:
  version "3.2.0"
  resolved "https://mirrors.cloud.tencent.com/npm/delegate/-/delegate-3.2.0.tgz"

depd@~1.1.2:
  version "1.1.2"
  resolved "https://registry.npmjs.org/depd/-/depd-1.1.2.tgz"

depd@~2.0.0:
  version "2.0.0"
  resolved "https://mirrors.cloud.tencent.com/npm/depd/-/depd-2.0.0.tgz"

destroy@~1.0.4:
  version "1.0.4"
  resolved "https://registry.npmjs.org/destroy/-/destroy-1.0.4.tgz"

dom-serializer@^1.0.1:
  version "1.3.2"
  resolved "http://mirrors.cloud.tencent.com/npm/dom-serializer/-/dom-serializer-1.3.2.tgz"
  dependencies:
    domelementtype "^2.0.1"
    domhandler "^4.2.0"
    entities "^2.0.0"

domelementtype@^2.0.1, domelementtype@^2.2.0:
  version "2.2.0"
  resolved "http://mirrors.cloud.tencent.com/npm/domelementtype/-/domelementtype-2.2.0.tgz"

domhandler@^4.0.0, domhandler@^4.2.0:
  version "4.2.0"
  resolved "http://mirrors.cloud.tencent.com/npm/domhandler/-/domhandler-4.2.0.tgz"
  dependencies:
    domelementtype "^2.2.0"

domutils@^2.5.2:
  version "2.7.0"
  resolved "http://mirrors.cloud.tencent.com/npm/domutils/-/domutils-2.7.0.tgz"
  dependencies:
    dom-serializer "^1.0.1"
    domelementtype "^2.2.0"
    domhandler "^4.2.0"

ee-first@1.1.1:
  version "1.1.1"
  resolved "https://registry.npmjs.org/ee-first/-/ee-first-1.1.1.tgz"

ejs@^2.3.4:
  version "2.6.1"
  resolved "https://registry.npmjs.org/ejs/-/ejs-2.6.1.tgz"

encodeurl@~1.0.1, encodeurl@~1.0.2:
  version "1.0.2"
  resolved "https://registry.npmjs.org/encodeurl/-/encodeurl-1.0.2.tgz"

entities@^2.0.0:
  version "2.2.0"
  resolved "http://mirrors.cloud.tencent.com/npm/entities/-/entities-2.2.0.tgz"

escape-html@~1.0.3:
  version "1.0.3"
  resolved "https://registry.npmjs.org/escape-html/-/escape-html-1.0.3.tgz"

escape-string-regexp@^1.0.2:
  version "1.0.5"
  resolved "https://registry.npmjs.org/escape-string-regexp/-/escape-string-regexp-1.0.5.tgz"

esprima@^4.0.0:
  version "4.0.1"
  resolved "http://mirrors.cloud.tencent.com/npm/esprima/-/esprima-4.0.1.tgz"

etag@~1.8.1:
  version "1.8.1"
  resolved "https://registry.npmjs.org/etag/-/etag-1.8.1.tgz"

fill-range@^7.0.1:
  version "7.0.1"
  resolved "http://mirrors.cloud.tencent.com/npm/fill-range/-/fill-range-7.0.1.tgz"
  dependencies:
    to-regex-range "^5.0.1"

finalhandler@1.1.0:
  version "1.1.0"
  resolved "https://registry.npmjs.org/finalhandler/-/finalhandler-1.1.0.tgz"
  dependencies:
    debug "2.6.9"
    encodeurl "~1.0.1"
    escape-html "~1.0.3"
    on-finished "~2.3.0"
    parseurl "~1.3.2"
    statuses "~1.3.1"
    unpipe "~1.0.0"

fresh@0.5.2:
  version "0.5.2"
  resolved "https://registry.npmjs.org/fresh/-/fresh-0.5.2.tgz"

fs.realpath@^1.0.0:
  version "1.0.0"
  resolved "http://mirrors.cloud.tencent.com/npm/fs.realpath/-/fs.realpath-1.0.0.tgz#1504ad2523158caa40db4a2787cb01411994ea4f"

fsevents@~2.3.2:
  version "2.3.2"
  resolved "https://mirrors.cloud.tencent.com/npm/fsevents/-/fsevents-2.3.2.tgz"

function-bind@^1.1.1:
  version "1.1.1"
  resolved "https://mirrors.cloud.tencent.com/npm/function-bind/-/function-bind-1.1.1.tgz"

glob-parent@~5.1.2:
  version "5.1.2"
  resolved "https://mirrors.cloud.tencent.com/npm/glob-parent/-/glob-parent-5.1.2.tgz"
  dependencies:
    is-glob "^4.0.1"

glob@7.0.x:
  version "7.0.6"
  resolved "http://mirrors.cloud.tencent.com/npm/glob/-/glob-7.0.6.tgz#211bafaf49e525b8cd93260d14ab136152b3f57a"
  dependencies:
    fs.realpath "^1.0.0"
    inflight "^1.0.4"
    inherits "2"
    minimatch "^3.0.2"
    once "^1.3.0"
    path-is-absolute "^1.0.0"

glob@^7.1.6:
  version "7.1.7"
  resolved "http://mirrors.cloud.tencent.com/npm/glob/-/glob-7.1.7.tgz#3b193e9233f01d42d0b3f78294bbeeb418f94a90"
  dependencies:
    fs.realpath "^1.0.0"
    inflight "^1.0.4"
    inherits "2"
    minimatch "^3.0.4"
    once "^1.3.0"
    path-is-absolute "^1.0.0"

good-listener@^1.2.2:
  version "1.2.2"
  resolved "https://mirrors.cloud.tencent.com/npm/good-listener/-/good-listener-1.2.2.tgz"
  dependencies:
    delegate "^3.1.2"

graceful-fs@^4.1.11, graceful-fs@^4.1.3:
  version "4.2.6"
  resolved "http://mirrors.tencent.com/npm/graceful-fs/-/graceful-fs-4.2.6.tgz"

has-ansi@^2.0.0:
  version "2.0.0"
  resolved "https://registry.npmjs.org/has-ansi/-/has-ansi-2.0.0.tgz"
  dependencies:
    ansi-regex "^2.0.0"

has-flag@^4.0.0:
  version "4.0.0"
  resolved "https://mirrors.cloud.tencent.com/npm/has-flag/-/has-flag-4.0.0.tgz"

has@^1.0.3:
  version "1.0.3"
  resolved "https://mirrors.cloud.tencent.com/npm/has/-/has-1.0.3.tgz"
  dependencies:
    function-bind "^1.1.1"

hexo-cli@^4.0.0:
  version "4.3.0"
  resolved "http://mirrors.cloud.tencent.com/npm/hexo-cli/-/hexo-cli-4.3.0.tgz"
  dependencies:
    abbrev "^1.1.1"
    bluebird "^3.5.5"
    chalk "^4.0.0"
    command-exists "^1.2.8"
    hexo-fs "^3.0.1"
    hexo-log "^2.0.0"
    hexo-util "^2.0.0"
    minimist "^1.2.5"
    resolve "^1.11.0"
    tildify "^2.0.0"

hexo-deployer-git@^3.0.0:
  version "3.0.0"
  resolved "https://mirrors.cloud.tencent.com/npm/hexo-deployer-git/-/hexo-deployer-git-3.0.0.tgz"
  dependencies:
    bluebird "^3.5.0"
    chalk "^4.0.0"
    hexo-fs "^3.0.1"
    hexo-util "^2.1.0"
    moment "^2.18.0"
    nunjucks "^3.2.1"

hexo-front-matter@^2.0.0:
  version "2.0.0"
  resolved "https://mirrors.cloud.tencent.com/npm/hexo-front-matter/-/hexo-front-matter-2.0.0.tgz"
  dependencies:
    js-yaml "^3.13.1"

hexo-fs@^3.0.1, hexo-fs@^3.1.0:
  version "3.1.0"
  resolved "https://mirrors.cloud.tencent.com/npm/hexo-fs/-/hexo-fs-3.1.0.tgz"
  dependencies:
    bluebird "^3.5.1"
    chokidar "^3.0.0"
    graceful-fs "^4.1.11"
    hexo-util "^2.0.0"

hexo-generator-archive@^0.1.4:
  version "0.1.5"
  resolved "https://registry.npmjs.org/hexo-generator-archive/-/hexo-generator-archive-0.1.5.tgz"
  dependencies:
    hexo-pagination "0.0.2"
    object-assign "^2.0.0"

hexo-generator-category@^0.1.3:
  version "0.1.3"
  resolved "https://registry.npmjs.org/hexo-generator-category/-/hexo-generator-category-0.1.3.tgz"
  dependencies:
    hexo-pagination "0.0.2"
    object-assign "^2.0.0"

hexo-generator-index@^0.2.0:
  version "0.2.1"
  resolved "https://registry.npmjs.org/hexo-generator-index/-/hexo-generator-index-0.2.1.tgz"
  dependencies:
    hexo-pagination "0.0.2"
    object-assign "^4.0.1"

hexo-generator-searchdb@^1.3.4:
  version "1.3.4"
  resolved "https://mirrors.cloud.tencent.com/npm/hexo-generator-searchdb/-/hexo-generator-searchdb-1.3.4.tgz"
  dependencies:
    nunjucks "^3.2.2"

hexo-generator-tag@^0.2.0:
  version "0.2.0"
  resolved "https://registry.npmjs.org/hexo-generator-tag/-/hexo-generator-tag-0.2.0.tgz"
  dependencies:
    hexo-pagination "0.0.2"
    object-assign "^4.0.1"

hexo-i18n@^1.0.0:
  version "1.0.0"
  resolved "https://mirrors.cloud.tencent.com/npm/hexo-i18n/-/hexo-i18n-1.0.0.tgz"
  dependencies:
    sprintf-js "^1.0.3"

hexo-log@^2.0.0:
  version "2.0.0"
  resolved "https://mirrors.cloud.tencent.com/npm/hexo-log/-/hexo-log-2.0.0.tgz"
  dependencies:
    chalk "^4.0.0"

hexo-pagination@0.0.2:
  version "0.0.2"
  resolved "https://registry.npmjs.org/hexo-pagination/-/hexo-pagination-0.0.2.tgz"
  dependencies:
    utils-merge "^1.0.0"

hexo-renderer-ejs@^0.3.0:
  version "0.3.1"
  resolved "https://registry.npmjs.org/hexo-renderer-ejs/-/hexo-renderer-ejs-0.3.1.tgz"
  dependencies:
    ejs "^2.3.4"
    object-assign "^4.0.1"

hexo-renderer-marked@^4.0.0:
  version "4.0.0"
  resolved "https://mirrors.cloud.tencent.com/npm/hexo-renderer-marked/-/hexo-renderer-marked-4.0.0.tgz"
  dependencies:
    hexo-util "^2.1.0"
    marked "^2.0.0"

hexo-renderer-stylus@^2.0.1:
  version "2.0.1"
  resolved "https://mirrors.cloud.tencent.com/npm/hexo-renderer-stylus/-/hexo-renderer-stylus-2.0.1.tgz#c65566e97e9058a52e46c82b0c45cf561f4b94cb"
  dependencies:
    nib "^1.1.2"
    stylus "^0.54.8"

hexo-server@^0.2.0:
  version "0.2.2"
  resolved "https://registry.npmjs.org/hexo-server/-/hexo-server-0.2.2.tgz"
  dependencies:
    bluebird "^3.0.6"
    chalk "^1.1.1"
    compression "^1.6.0"
    connect "3.x"
    mime "^1.3.4"
    morgan "^1.6.1"
    object-assign "^4.0.1"
    opn "^4.0.0"
    serve-static "^1.10.0"

hexo-util@^2.0.0, hexo-util@^2.1.0, hexo-util@^2.4.0:
  version "2.5.0"
  resolved "https://mirrors.cloud.tencent.com/npm/hexo-util/-/hexo-util-2.5.0.tgz"
  dependencies:
    bluebird "^3.5.2"
    camel-case "^4.0.0"
    cross-spawn "^7.0.0"
    deepmerge "^4.2.2"
    highlight.js "^10.7.1"
    htmlparser2 "^6.0.0"
    prismjs "^1.17.1"
    strip-indent "^3.0.0"

hexo@^5.4.0:
  version "5.4.0"
  resolved "https://mirrors.cloud.tencent.com/npm/hexo/-/hexo-5.4.0.tgz"
  dependencies:
    abbrev "^1.1.1"
    archy "^1.0.0"
    bluebird "^3.5.2"
    chalk "^4.0.0"
    hexo-cli "^4.0.0"
    hexo-front-matter "^2.0.0"
    hexo-fs "^3.1.0"
    hexo-i18n "^1.0.0"
    hexo-log "^2.0.0"
    hexo-util "^2.4.0"
    js-yaml "^4.0.0"
    micromatch "^4.0.2"
    moment "^2.22.2"
    moment-timezone "^0.5.21"
    nunjucks "^3.2.1"
    pretty-hrtime "^1.0.3"
    resolve "^1.8.1"
    strip-ansi "^6.0.0"
    text-table "^0.2.0"
    tildify "^2.0.0"
    titlecase "^1.1.2"
    warehouse "^4.0.0"

highlight.js@^10.7.1:
  version "10.7.3"
  resolved "https://mirrors.cloud.tencent.com/npm/highlight.js/-/highlight.js-10.7.3.tgz"

htmlparser2@^6.0.0:
  version "6.1.0"
  resolved "http://mirrors.cloud.tencent.com/npm/htmlparser2/-/htmlparser2-6.1.0.tgz"
  dependencies:
    domelementtype "^2.0.1"
    domhandler "^4.0.0"
    domutils "^2.5.2"
    entities "^2.0.0"

http-errors@~1.6.2:
  version "1.6.3"
  resolved "https://registry.npmjs.org/http-errors/-/http-errors-1.6.3.tgz"
  dependencies:
    depd "~1.1.2"
    inherits "2.0.3"
    setprototypeof "1.1.0"
    statuses ">= 1.4.0 < 2"

inflight@^1.0.4:
  version "1.0.6"
  resolved "https://mirrors.cloud.tencent.com/npm/inflight/-/inflight-1.0.6.tgz#49bd6331d7d02d0c09bc910a1075ba8165b56df9"
  dependencies:
    once "^1.3.0"
    wrappy "1"

inherits@2, inherits@^2.0.3:
  version "2.0.4"
  resolved "https://mirrors.cloud.tencent.com/npm/inherits/-/inherits-2.0.4.tgz#0fa2c64f932917c3433a0ded55363aae37416b7c"

inherits@2.0.3:
  version "2.0.3"
  resolved "https://registry.npmjs.org/inherits/-/inherits-2.0.3.tgz"

is-binary-path@~2.1.0:
  version "2.1.0"
  resolved "http://mirrors.cloud.tencent.com/npm/is-binary-path/-/is-binary-path-2.1.0.tgz"
  dependencies:
    binary-extensions "^2.0.0"

is-core-module@^2.2.0:
  version "2.4.0"
  resolved "https://mirrors.cloud.tencent.com/npm/is-core-module/-/is-core-module-2.4.0.tgz"
  dependencies:
    has "^1.0.3"

is-extglob@^2.1.1:
  version "2.1.1"
  resolved "https://mirrors.cloud.tencent.com/npm/is-extglob/-/is-extglob-2.1.1.tgz"

is-glob@^4.0.1, is-glob@~4.0.1:
  version "4.0.1"
  resolved "https://mirrors.cloud.tencent.com/npm/is-glob/-/is-glob-4.0.1.tgz"
  dependencies:
    is-extglob "^2.1.1"

is-number@^7.0.0:
  version "7.0.0"
  resolved "http://mirrors.cloud.tencent.com/npm/is-number/-/is-number-7.0.0.tgz"

is-plain-object@^3.0.0:
  version "3.0.1"
  resolved "http://mirrors.cloud.tencent.com/npm/is-plain-object/-/is-plain-object-3.0.1.tgz"

isexe@^2.0.0:
  version "2.0.0"
  resolved "http://mirrors.cloud.tencent.com/npm/isexe/-/isexe-2.0.0.tgz"

js-yaml@^3.13.1:
  version "3.14.1"
  resolved "http://mirrors.cloud.tencent.com/npm/js-yaml/-/js-yaml-3.14.1.tgz"
  dependencies:
    argparse "^1.0.7"
    esprima "^4.0.0"

js-yaml@^4.0.0:
  version "4.1.0"
  resolved "http://mirrors.cloud.tencent.com/npm/js-yaml/-/js-yaml-4.1.0.tgz"
  dependencies:
    argparse "^2.0.1"

jsonparse@^1.2.0:
  version "1.3.1"
  resolved "https://mirrors.cloud.tencent.com/npm/jsonparse/-/jsonparse-1.3.1.tgz"

lower-case@^2.0.2:
  version "2.0.2"
  resolved "http://mirrors.cloud.tencent.com/npm/lower-case/-/lower-case-2.0.2.tgz"
  dependencies:
    tslib "^2.0.3"

marked@^2.0.0:
  version "2.1.1"
  resolved "https://mirrors.cloud.tencent.com/npm/marked/-/marked-2.1.1.tgz"

micromatch@^4.0.2:
  version "4.0.4"
  resolved "http://mirrors.cloud.tencent.com/npm/micromatch/-/micromatch-4.0.4.tgz"
  dependencies:
    braces "^3.0.1"
    picomatch "^2.2.3"

"mime-db@>= 1.34.0 < 2", mime-db@~1.35.0:
  version "1.35.0"
  resolved "https://registry.npmjs.org/mime-db/-/mime-db-1.35.0.tgz"

mime-types@~2.1.18:
  version "2.1.19"
  resolved "https://registry.npmjs.org/mime-types/-/mime-types-2.1.19.tgz"
  dependencies:
    mime-db "~1.35.0"

mime@1.4.1:
  version "1.4.1"
  resolved "https://registry.npmjs.org/mime/-/mime-1.4.1.tgz"

mime@^1.3.4:
  version "1.6.0"
  resolved "https://registry.npmjs.org/mime/-/mime-1.6.0.tgz"

min-indent@^1.0.0:
  version "1.0.1"
  resolved "https://mirrors.cloud.tencent.com/npm/min-indent/-/min-indent-1.0.1.tgz"

minimatch@^3.0.2, minimatch@^3.0.4:
  version "3.0.4"
  resolved "https://mirrors.cloud.tencent.com/npm/minimatch/-/minimatch-3.0.4.tgz#5166e286457f03306064be5497e8dbb0c3d32083"
  dependencies:
    brace-expansion "^1.1.7"

minimist@^1.2.5:
  version "1.2.5"
  resolved "https://mirrors.cloud.tencent.com/npm/minimist/-/minimist-1.2.5.tgz"

mkdirp@0.5.x:
  version "0.5.5"
  resolved "http://mirrors.cloud.tencent.com/npm/mkdirp/-/mkdirp-0.5.5.tgz#d91cefd62d1436ca0f41620e251288d420099def"
  dependencies:
    minimist "^1.2.5"

mkdirp@~1.0.4:
  version "1.0.4"
  resolved "http://mirrors.cloud.tencent.com/npm/mkdirp/-/mkdirp-1.0.4.tgz#3eb5ed62622756d79a5f0e2a221dfebad75c2f7e"

moment-timezone@^0.5.21:
  version "0.5.21"
  resolved "https://registry.npmjs.org/moment-timezone/-/moment-timezone-0.5.21.tgz"
  dependencies:
    moment ">= 2.9.0"

"moment@>= 2.9.0", moment@^2.18.0, moment@^2.22.2:
  version "2.22.2"
  resolved "https://registry.npmjs.org/moment/-/moment-2.22.2.tgz"

morgan@^1.6.1:
  version "1.10.0"
  resolved "https://mirrors.cloud.tencent.com/npm/morgan/-/morgan-1.10.0.tgz"
  dependencies:
    basic-auth "~2.0.1"
    debug "2.6.9"
    depd "~2.0.0"
    on-finished "~2.3.0"
    on-headers "~1.0.2"

ms@2.0.0:
  version "2.0.0"
  resolved "https://registry.npmjs.org/ms/-/ms-2.0.0.tgz"

ms@2.1.2:
  version "2.1.2"
  resolved "https://mirrors.cloud.tencent.com/npm/ms/-/ms-2.1.2.tgz#d09d1f357b443f493382a8eb3ccd183872ae6009"

negotiator@0.6.1:
  version "0.6.1"
  resolved "https://registry.npmjs.org/negotiator/-/negotiator-0.6.1.tgz"

nib@^1.1.2:
  version "1.1.2"
  resolved "https://mirrors.cloud.tencent.com/npm/nib/-/nib-1.1.2.tgz#6a69ede4081b95c0def8be024a4c8ae0c2cbb6c7"
  dependencies:
    stylus "0.54.5"

no-case@^3.0.4:
  version "3.0.4"
  resolved "http://mirrors.cloud.tencent.com/npm/no-case/-/no-case-3.0.4.tgz"
  dependencies:
    lower-case "^2.0.2"
    tslib "^2.0.3"

normalize-path@^3.0.0, normalize-path@~3.0.0:
  version "3.0.0"
  resolved "https://mirrors.cloud.tencent.com/npm/normalize-path/-/normalize-path-3.0.0.tgz"

nunjucks@^3.2.1, nunjucks@^3.2.2:
  version "3.2.3"
  resolved "https://mirrors.cloud.tencent.com/npm/nunjucks/-/nunjucks-3.2.3.tgz"
  dependencies:
    a-sync-waterfall "^1.0.0"
    asap "^2.0.3"
    commander "^5.1.0"

object-assign@^2.0.0:
  version "2.1.1"
  resolved "https://registry.npmjs.org/object-assign/-/object-assign-2.1.1.tgz"

object-assign@^4.0.1:
  version "4.1.1"
  resolved "https://registry.npmjs.org/object-assign/-/object-assign-4.1.1.tgz"

on-finished@~2.3.0:
  version "2.3.0"
  resolved "https://registry.npmjs.org/on-finished/-/on-finished-2.3.0.tgz"
  dependencies:
    ee-first "1.1.1"

on-headers@~1.0.1, on-headers@~1.0.2:
  version "1.0.2"
  resolved "https://mirrors.cloud.tencent.com/npm/on-headers/-/on-headers-1.0.2.tgz"

once@^1.3.0:
  version "1.4.0"
  resolved "http://mirrors.cloud.tencent.com/npm/once/-/once-1.4.0.tgz#583b1aa775961d4b113ac17d9c50baef9dd76bd1"
  dependencies:
    wrappy "1"

opn@^4.0.0:
  version "4.0.2"
  resolved "https://registry.npmjs.org/opn/-/opn-4.0.2.tgz"
  dependencies:
    object-assign "^4.0.1"
    pinkie-promise "^2.0.0"

parseurl@~1.3.2:
  version "1.3.2"
  resolved "https://registry.npmjs.org/parseurl/-/parseurl-1.3.2.tgz"

pascal-case@^3.1.2:
  version "3.1.2"
  resolved "https://mirrors.cloud.tencent.com/npm/pascal-case/-/pascal-case-3.1.2.tgz"
  dependencies:
    no-case "^3.0.4"
    tslib "^2.0.3"

path-is-absolute@^1.0.0:
  version "1.0.1"
  resolved "https://mirrors.cloud.tencent.com/npm/path-is-absolute/-/path-is-absolute-1.0.1.tgz#174b9268735534ffbc7ace6bf53a5a9e1b5c5f5f"

path-key@^3.1.0:
  version "3.1.1"
  resolved "https://mirrors.tencent.com/npm/path-key/-/path-key-3.1.1.tgz"

path-parse@^1.0.6:
  version "1.0.7"
  resolved "https://mirrors.cloud.tencent.com/npm/path-parse/-/path-parse-1.0.7.tgz"

picomatch@^2.0.4, picomatch@^2.2.1, picomatch@^2.2.3:
  version "2.3.0"
  resolved "http://mirrors.cloud.tencent.com/npm/picomatch/-/picomatch-2.3.0.tgz"

pinkie-promise@^2.0.0:
  version "2.0.1"
  resolved "https://registry.npmjs.org/pinkie-promise/-/pinkie-promise-2.0.1.tgz"
  dependencies:
    pinkie "^2.0.0"

pinkie@^2.0.0:
  version "2.0.4"
  resolved "https://registry.npmjs.org/pinkie/-/pinkie-2.0.4.tgz"

pretty-hrtime@^1.0.3:
  version "1.0.3"
  resolved "https://registry.npmjs.org/pretty-hrtime/-/pretty-hrtime-1.0.3.tgz"

prismjs@^1.17.1:
  version "1.23.0"
  resolved "http://mirrors.cloud.tencent.com/npm/prismjs/-/prismjs-1.23.0.tgz"
  optionalDependencies:
    clipboard "^2.0.0"

range-parser@~1.2.0:
  version "1.2.0"
  resolved "https://registry.npmjs.org/range-parser/-/range-parser-1.2.0.tgz"

readdirp@~3.6.0:
  version "3.6.0"
  resolved "http://mirrors.cloud.tencent.com/npm/readdirp/-/readdirp-3.6.0.tgz"
  dependencies:
    picomatch "^2.2.1"

resolve-url@^0.2.1:
  version "0.2.1"
  resolved "https://mirrors.cloud.tencent.com/npm/resolve-url/-/resolve-url-0.2.1.tgz#2c637fe77c893afd2a663fe21aa9080068e2052a"

resolve@^1.11.0, resolve@^1.8.1:
  version "1.20.0"
  resolved "https://mirrors.cloud.tencent.com/npm/resolve/-/resolve-1.20.0.tgz"
  dependencies:
    is-core-module "^2.2.0"
    path-parse "^1.0.6"

rfdc@^1.1.4:
  version "1.3.0"
  resolved "https://mirrors.cloud.tencent.com/npm/rfdc/-/rfdc-1.3.0.tgz"

safe-buffer@5.1.2:
  version "5.1.2"
  resolved "https://registry.npmjs.org/safe-buffer/-/safe-buffer-5.1.2.tgz"

safer-buffer@^2.1.2:
  version "2.1.2"
  resolved "https://mirrors.cloud.tencent.com/npm/safer-buffer/-/safer-buffer-2.1.2.tgz#44fa161b0187b9549dd84bb91802f9bd8385cd6a"

sax@0.5.x:
  version "0.5.8"
  resolved "https://mirrors.cloud.tencent.com/npm/sax/-/sax-0.5.8.tgz#d472db228eb331c2506b0e8c15524adb939d12c1"

sax@~1.2.4:
  version "1.2.4"
  resolved "https://mirrors.cloud.tencent.com/npm/sax/-/sax-1.2.4.tgz#2816234e2378bddc4e5354fab5caa895df7100d9"

select@^1.1.2:
  version "1.1.2"
  resolved "https://mirrors.cloud.tencent.com/npm/select/-/select-1.1.2.tgz"

semver@^6.3.0:
  version "6.3.0"
  resolved "https://mirrors.cloud.tencent.com/npm/semver/-/semver-6.3.0.tgz#ee0a64c8af5e8ceea67687b133761e1becbd1d3d"

send@0.16.2:
  version "0.16.2"
  resolved "https://registry.npmjs.org/send/-/send-0.16.2.tgz"
  dependencies:
    debug "2.6.9"
    depd "~1.1.2"
    destroy "~1.0.4"
    encodeurl "~1.0.2"
    escape-html "~1.0.3"
    etag "~1.8.1"
    fresh "0.5.2"
    http-errors "~1.6.2"
    mime "1.4.1"
    ms "2.0.0"
    on-finished "~2.3.0"
    range-parser "~1.2.0"
    statuses "~1.4.0"

serve-static@^1.10.0:
  version "1.13.2"
  resolved "https://registry.npmjs.org/serve-static/-/serve-static-1.13.2.tgz"
  dependencies:
    encodeurl "~1.0.2"
    escape-html "~1.0.3"
    parseurl "~1.3.2"
    send "0.16.2"

setprototypeof@1.1.0:
  version "1.1.0"
  resolved "https://registry.npmjs.org/setprototypeof/-/setprototypeof-1.1.0.tgz"

shebang-command@^2.0.0:
  version "2.0.0"
  resolved "http://mirrors.cloud.tencent.com/npm/shebang-command/-/shebang-command-2.0.0.tgz"
  dependencies:
    shebang-regex "^3.0.0"

shebang-regex@^3.0.0:
  version "3.0.0"
  resolved "https://mirrors.tencent.com/npm/shebang-regex/-/shebang-regex-3.0.0.tgz"

source-map-resolve@^0.5.2:
  version "0.5.3"
  resolved "https://mirrors.cloud.tencent.com/npm/source-map-resolve/-/source-map-resolve-0.5.3.tgz#190866bece7553e1f8f267a2ee82c606b5509a1a"
  dependencies:
    atob "^2.1.2"
    decode-uri-component "^0.2.0"
    resolve-url "^0.2.1"
    source-map-url "^0.4.0"
    urix "^0.1.0"

source-map-url@^0.4.0:
  version "0.4.1"
  resolved "https://mirrors.cloud.tencent.com/npm/source-map-url/-/source-map-url-0.4.1.tgz#0af66605a745a5a2f91cf1bbf8a7afbc283dec56"

source-map@0.1.x:
  version "0.1.43"
  resolved "https://mirrors.cloud.tencent.com/npm/source-map/-/source-map-0.1.43.tgz#c24bc146ca517c1471f5dacbe2571b2b7f9e3346"
  dependencies:
    amdefine ">=0.0.4"

source-map@^0.6.1:
  version "0.6.1"
  resolved "https://mirrors.cloud.tencent.com/npm/source-map/-/source-map-0.6.1.tgz#74722af32e9614e9c287a8d0bbde48b5e2f1a263"

source-map@^0.7.3:
  version "0.7.3"
  resolved "https://mirrors.cloud.tencent.com/npm/source-map/-/source-map-0.7.3.tgz#5302f8169031735226544092e64981f751750383"

sprintf-js@^1.0.3:
  version "1.1.2"
  resolved "https://mirrors.tencent.com/npm/sprintf-js/-/sprintf-js-1.1.2.tgz"

sprintf-js@~1.0.2:
  version "1.0.3"
  resolved "https://mirrors.tencent.com/npm/sprintf-js/-/sprintf-js-1.0.3.tgz"

"statuses@>= 1.4.0 < 2":
  version "1.5.0"
  resolved "https://registry.npmjs.org/statuses/-/statuses-1.5.0.tgz"

statuses@~1.3.1:
  version "1.3.1"
  resolved "https://registry.npmjs.org/statuses/-/statuses-1.3.1.tgz"

statuses@~1.4.0:
  version "1.4.0"
  resolved "https://registry.npmjs.org/statuses/-/statuses-1.4.0.tgz"

strip-ansi@^3.0.0:
  version "3.0.1"
  resolved "https://registry.npmjs.org/strip-ansi/-/strip-ansi-3.0.1.tgz"
  dependencies:
    ansi-regex "^2.0.0"

strip-ansi@^6.0.0:
  version "6.0.0"
  resolved "https://mirrors.cloud.tencent.com/npm/strip-ansi/-/strip-ansi-6.0.0.tgz"
  dependencies:
    ansi-regex "^5.0.0"

strip-indent@^3.0.0:
  version "3.0.0"
  resolved "http://mirrors.cloud.tencent.com/npm/strip-indent/-/strip-indent-3.0.0.tgz"
  dependencies:
    min-indent "^1.0.0"

stylus@0.54.5:
  version "0.54.5"
  resolved "https://mirrors.cloud.tencent.com/npm/stylus/-/stylus-0.54.5.tgz#42b9560931ca7090ce8515a798ba9e6aa3d6dc79"
  dependencies:
    css-parse "1.7.x"
    debug "*"
    glob "7.0.x"
    mkdirp "0.5.x"
    sax "0.5.x"
    source-map "0.1.x"

stylus@^0.54.8:
  version "0.54.8"
  resolved "https://mirrors.cloud.tencent.com/npm/stylus/-/stylus-0.54.8.tgz#3da3e65966bc567a7b044bfe0eece653e099d147"
  dependencies:
    css-parse "~2.0.0"
    debug "~3.1.0"
    glob "^7.1.6"
    mkdirp "~1.0.4"
    safer-buffer "^2.1.2"
    sax "~1.2.4"
    semver "^6.3.0"
    source-map "^0.7.3"

supports-color@^2.0.0:
  version "2.0.0"
  resolved "https://registry.npmjs.org/supports-color/-/supports-color-2.0.0.tgz"

supports-color@^7.1.0:
  version "7.2.0"
  resolved "https://mirrors.cloud.tencent.com/npm/supports-color/-/supports-color-7.2.0.tgz"
  dependencies:
    has-flag "^4.0.0"

text-table@^0.2.0:
  version "0.2.0"
  resolved "https://registry.npmjs.org/text-table/-/text-table-0.2.0.tgz"

"through@>=2.2.7 <3":
  version "2.3.8"
  resolved "http://mirrors.cloud.tencent.com/npm/through/-/through-2.3.8.tgz"

tildify@^2.0.0:
  version "2.0.0"
  resolved "https://mirrors.cloud.tencent.com/npm/tildify/-/tildify-2.0.0.tgz"

tiny-emitter@^2.0.0:
  version "2.1.0"
  resolved "https://mirrors.cloud.tencent.com/npm/tiny-emitter/-/tiny-emitter-2.1.0.tgz"

titlecase@^1.1.2:
  version "1.1.2"
  resolved "https://registry.npmjs.org/titlecase/-/titlecase-1.1.2.tgz"

to-regex-range@^5.0.1:
  version "5.0.1"
  resolved "http://mirrors.cloud.tencent.com/npm/to-regex-range/-/to-regex-range-5.0.1.tgz"
  dependencies:
    is-number "^7.0.0"

tslib@^2.0.3:
  version "2.3.0"
  resolved "https://mirrors.cloud.tencent.com/npm/tslib/-/tslib-2.3.0.tgz"

unpipe@~1.0.0:
  version "1.0.0"
  resolved "https://registry.npmjs.org/unpipe/-/unpipe-1.0.0.tgz"

urix@^0.1.0:
  version "0.1.0"
  resolved "https://mirrors.cloud.tencent.com/npm/urix/-/urix-0.1.0.tgz#da937f7a62e21fec1fd18d49b35c2935067a6c72"

utils-merge@1.0.1, utils-merge@^1.0.0:
  version "1.0.1"
  resolved "https://registry.npmjs.org/utils-merge/-/utils-merge-1.0.1.tgz"

vary@~1.1.2:
  version "1.1.2"
  resolved "https://registry.npmjs.org/vary/-/vary-1.1.2.tgz"

warehouse@^4.0.0:
  version "4.0.0"
  resolved "https://mirrors.cloud.tencent.com/npm/warehouse/-/warehouse-4.0.0.tgz"
  dependencies:
    JSONStream "^1.0.7"
    bluebird "^3.2.2"
    cuid "^2.1.4"
    graceful-fs "^4.1.3"
    is-plain-object "^3.0.0"
    rfdc "^1.1.4"

which@^2.0.1:
  version "2.0.2"
  resolved "https://mirrors.tencent.com/npm/which/-/which-2.0.2.tgz"
  dependencies:
    isexe "^2.0.0"

wrappy@1:
  version "1.0.2"
  resolved "https://mirrors.cloud.tencent.com/npm/wrappy/-/wrappy-1.0.2.tgz#b5243d8f3ec1aa35f1364605bc0d1036e30ab69f"
